
Microsoft Visual Studio Solution File, Format Version 12.00
# Visual Studio 15
VisualStudioVersion = 15.0.28010.0
MinimumVisualStudioVersion = 10.0.40219.1
Project("{FAE04EC0-301F-11D3-BF4B-00C04F79EFBC}") = "ProvaGuilherme", "ProvaGuilherme\ProvaGuilherme.csproj", "{846FDEAD-7BED-42EE-9AFF-6E0CF77B6CDB}"
EndProject
Global
	GlobalSection(SolutionConfigurationPlatforms) = preSolution
		Debug|Any CPU = Debug|Any CPU
		Release|Any CPU = Release|Any CPU
	EndGlobalSection
	GlobalSection(ProjectConfigurationPlatforms) = postSolution
		{846FDEAD-7BED-42EE-9AFF-6E0CF77B6CDB}.Debug|Any CPU.ActiveCfg = Debug|Any CPU
		{846FDEAD-7BED-42EE-9AFF-6E0CF77B6CDB}.Debug|Any CPU.Build.0 = Debug|Any CPU
		{846FDEAD-7BED-42EE-9AFF-6E0CF77B6CDB}.Release|Any CPU.ActiveCfg = Release|Any CPU
		{846FDEAD-7BED-42EE-9AFF-6E0CF77B6CDB}.Release|Any CPU.Build.0 = Release|Any CPU
	EndGlobalSection
	GlobalSection(SolutionProperties) = preSolution
		HideSolutionNode = FALSE
	EndGlobalSection
	GlobalSection(ExtensibilityGlobals) = postSolution
		SolutionGuid = {61B246B5-8079-471C-8EBE-897E9FE3870D}
	EndGlobalSection
EndGlobal
